
Microsoft Visual Studio Solution File, Format Version 12.00
# Visual Studio Version 17
VisualStudioVersion = 17.3.32804.467
MinimumVisualStudioVersion = 10.0.40219.1
Project("{FAE04EC0-301F-11D3-BF4B-00C04F79EFBC}") = "ICE.api", "ICE.api\ICE.api.csproj", "{A54E19D1-272A-4FAF-9C0A-5BCF87B15D1C}"
EndProject
Project("{FAE04EC0-301F-11D3-BF4B-00C04F79EFBC}") = "ICE.Domain", "ICE.Domain\ICE.Domain.csproj", "{806C202E-B84B-4AB6-8BE6-345E219E5776}"
EndProject
Project("{FAE04EC0-301F-11D3-BF4B-00C04F79EFBC}") = "ICE.Web", "ICE.Web\ICE.Web.csproj", "{ABFF80B9-242A-4480-9980-60EDAFDCD502}"
EndProject
Global
	GlobalSection(SolutionConfigurationPlatforms) = preSolution
		Debug|Any CPU = Debug|Any CPU
		Release|Any CPU = Release|Any CPU
	EndGlobalSection
	GlobalSection(ProjectConfigurationPlatforms) = postSolution
		{A54E19D1-272A-4FAF-9C0A-5BCF87B15D1C}.Debug|Any CPU.ActiveCfg = Debug|Any CPU
		{A54E19D1-272A-4FAF-9C0A-5BCF87B15D1C}.Debug|Any CPU.Build.0 = Debug|Any CPU
		{A54E19D1-272A-4FAF-9C0A-5BCF87B15D1C}.Release|Any CPU.ActiveCfg = Release|Any CPU
		{A54E19D1-272A-4FAF-9C0A-5BCF87B15D1C}.Release|Any CPU.Build.0 = Release|Any CPU
		{806C202E-B84B-4AB6-8BE6-345E219E5776}.Debug|Any CPU.ActiveCfg = Debug|Any CPU
		{806C202E-B84B-4AB6-8BE6-345E219E5776}.Debug|Any CPU.Build.0 = Debug|Any CPU
		{806C202E-B84B-4AB6-8BE6-345E219E5776}.Release|Any CPU.ActiveCfg = Release|Any CPU
		{806C202E-B84B-4AB6-8BE6-345E219E5776}.Release|Any CPU.Build.0 = Release|Any CPU
		{ABFF80B9-242A-4480-9980-60EDAFDCD502}.Debug|Any CPU.ActiveCfg = Debug|Any CPU
		{ABFF80B9-242A-4480-9980-60EDAFDCD502}.Debug|Any CPU.Build.0 = Debug|Any CPU
		{ABFF80B9-242A-4480-9980-60EDAFDCD502}.Release|Any CPU.ActiveCfg = Release|Any CPU
		{ABFF80B9-242A-4480-9980-60EDAFDCD502}.Release|Any CPU.Build.0 = Release|Any CPU
	EndGlobalSection
	GlobalSection(SolutionProperties) = preSolution
		HideSolutionNode = FALSE
	EndGlobalSection
	GlobalSection(ExtensibilityGlobals) = postSolution
		SolutionGuid = {134A6D2B-56EC-40BF-919E-29E5AA8DD0A7}
	EndGlobalSection
EndGlobal
